<?xml version="1.0" encoding="utf-8"?>
<Project ToolsVersion="4.0" xmlns="http://schemas.microsoft.com/developer/msbuild/2003">
  <ItemGroup>
    <Filter Include="Fichiers sources">
      <UniqueIdentifier>{4FC737F1-C7A5-4376-A066-2A32D752A2FF}</UniqueIdentifier>
      <Extensions>cpp;c;cc;cxx;c++;cppm;ixx;def;odl;idl;hpj;bat;asm;asmx</Extensions>
    </Filter>
    <Filter Include="Fichiers d%27en-tête">
      <UniqueIdentifier>{93995380-89BD-4b04-88EB-625FBE52EBFB}</UniqueIdentifier>
      <Extensions>h;hh;hpp;hxx;h++;hm;inl;inc;ipp;xsd</Extensions>
    </Filter>
    <Filter Include="Fichiers de ressources">
      <UniqueIdentifier>{67DA6AB6-F800-4c08-8B7A-83BB121AAD01}</UniqueIdentifier>
      <Extensions>rc;ico;cur;bmp;dlg;rc2;rct;bin;rgs;gif;jpg;jpeg;jpe;resx;tiff;tif;png;wav;mfcribbon-ms</Extensions>
    </Filter>
    <Filter Include="Fichiers sources\Models">
      <UniqueIdentifier>{f743c2d4-17c3-4539-b778-0c12b627538e}</UniqueIdentifier>
    </Filter>
    <Filter Include="Fichiers sources\Controllers">
      <UniqueIdentifier>{31f5c0af-cfef-4c78-bf9e-1722e787f854}</UniqueIdentifier>
    </Filter>
    <Filter Include="Fichiers sources\Views">
      <UniqueIdentifier>{96cf8e0d-e3b8-4fb3-a5b7-d9b97517a41f}</UniqueIdentifier>
    </Filter>
    <Filter Include="Fichiers sources\Enums">
      <UniqueIdentifier>{5c753f9a-867c-42d6-b414-84a67aae961e}</UniqueIdentifier>
    </Filter>
  </ItemGroup>
  <ItemGroup>
    <ClCompile Include="ProjetCPP2122.cpp">
      <Filter>Fichiers sources</Filter>
    </ClCompile>
    <ClCompile Include="Card.cpp">
      <Filter>Fichiers sources\Models</Filter>
    </ClCompile>
    <ClCompile Include="CardL.cpp">
      <Filter>Fichiers sources\Models</Filter>
    </ClCompile>
    <ClCompile Include="Deck.cpp">
      <Filter>Fichiers sources\Models</Filter>
    </ClCompile>
    <ClCompile Include="Game.cpp">
      <Filter>Fichiers sources\Controllers</Filter>
    </ClCompile>
    <ClCompile Include="View.cpp">
      <Filter>Fichiers sources\Views</Filter>
    </ClCompile>
    <ClCompile Include="Pile.cpp">
      <Filter>Fichiers sources\Models</Filter>
    </ClCompile>
    <ClCompile Include="Hand.cpp">
      <Filter>Fichiers sources\Models</Filter>
    </ClCompile>
    <ClCompile Include="DB_Controller.cpp">
      <Filter>Fichiers sources\Controllers</Filter>
    </ClCompile>
    <ClCompile Include="Menu.cpp">
      <Filter>Fichiers sources\Controllers</Filter>
    </ClCompile>
    <ClCompile Include="sqlite3.c">
      <Filter>Fichiers sources\Controllers</Filter>
    </ClCompile>
  </ItemGroup>
  <ItemGroup>
    <ClInclude Include="Card.h">
      <Filter>Fichiers sources\Models</Filter>
    </ClInclude>
    <ClInclude Include="CardL.h">
      <Filter>Fichiers sources\Models</Filter>
    </ClInclude>
    <ClInclude Include="cardColorEnum.h">
      <Filter>Fichiers sources\Enums</Filter>
    </ClInclude>
    <ClInclude Include="cardValueEnum.h">
      <Filter>Fichiers sources\Enums</Filter>
    </ClInclude>
    <ClInclude Include="Deck.h">
      <Filter>Fichiers sources\Models</Filter>
    </ClInclude>
    <ClInclude Include="Game.h">
      <Filter>Fichiers sources\Controllers</Filter>
    </ClInclude>
    <ClInclude Include="View.h">
      <Filter>Fichiers sources\Views</Filter>
    </ClInclude>
    <ClInclude Include="Pile.h">
      <Filter>Fichiers sources\Models</Filter>
    </ClInclude>
    <ClInclude Include="Hand.h">
      <Filter>Fichiers sources\Models</Filter>
    </ClInclude>
    <ClInclude Include="DB_Controller.h">
      <Filter>Fichiers sources\Controllers</Filter>
    </ClInclude>
    <ClInclude Include="Menu.h">
      <Filter>Fichiers sources\Controllers</Filter>
    </ClInclude>
  </ItemGroup>
  <ItemGroup>
    <None Include="packages.config" />
  </ItemGroup>
</Project>